
Microsoft Visual Studio Solution File, Format Version 12.00
# Visual Studio Version 17
VisualStudioVersion = 17.4.33205.214
MinimumVisualStudioVersion = 10.0.40219.1
Project("{FAE04EC0-301F-11D3-BF4B-00C04F79EFBC}") = "PcControllerServer", "PcControllerServer\PcControllerServer.csproj", "{F1AEBC62-3A5A-454C-A303-133615852BDC}"
EndProject
Global
	GlobalSection(SolutionConfigurationPlatforms) = preSolution
		Debug|Any CPU = Debug|Any CPU
		Debug|x86 = Debug|x86
		Release|Any CPU = Release|Any CPU
		Release|x86 = Release|x86
	EndGlobalSection
	GlobalSection(ProjectConfigurationPlatforms) = postSolution
		{F1AEBC62-3A5A-454C-A303-133615852BDC}.Debug|Any CPU.ActiveCfg = Debug|Any CPU
		{F1AEBC62-3A5A-454C-A303-133615852BDC}.Debug|Any CPU.Build.0 = Debug|Any CPU
		{F1AEBC62-3A5A-454C-A303-133615852BDC}.Debug|x86.ActiveCfg = Debug|Any CPU
		{F1AEBC62-3A5A-454C-A303-133615852BDC}.Debug|x86.Build.0 = Debug|Any CPU
		{F1AEBC62-3A5A-454C-A303-133615852BDC}.Release|Any CPU.ActiveCfg = Release|Any CPU
		{F1AEBC62-3A5A-454C-A303-133615852BDC}.Release|Any CPU.Build.0 = Release|Any CPU
		{F1AEBC62-3A5A-454C-A303-133615852BDC}.Release|x86.ActiveCfg = Release|Any CPU
	EndGlobalSection
	GlobalSection(SolutionProperties) = preSolution
		HideSolutionNode = FALSE
	EndGlobalSection
	GlobalSection(ExtensibilityGlobals) = postSolution
		SolutionGuid = {29E153CB-DEFF-4404-A346-7B50D9CE5460}
	EndGlobalSection
EndGlobal
